
Microsoft Visual Studio Solution File, Format Version 12.00
# Visual Studio Version 17
VisualStudioVersion = 17.2.32616.157
MinimumVisualStudioVersion = 10.0.40219.1
Project("{9A19103F-16F7-4668-BE54-9A1E7A4F7556}") = "MQTTconsoleapp", "MQTTconsoleapp\MQTTconsoleapp.csproj", "{9F7DC74F-CAB3-4739-849C-6D27605D43C4}"
EndProject
Project("{9A19103F-16F7-4668-BE54-9A1E7A4F7556}") = "MqttTest1", "MqttTest1\MqttTest1.csproj", "{6596FE75-D13C-490A-8D21-42064FE532FA}"
EndProject
Project("{9A19103F-16F7-4668-BE54-9A1E7A4F7556}") = "M2qtt", "DifferentConsole\M2qtt.csproj", "{C0AF6DD7-1CCD-4805-AC53-4D9BDF067566}"
EndProject
Global
	GlobalSection(SolutionConfigurationPlatforms) = preSolution
		Debug|Any CPU = Debug|Any CPU
		Release|Any CPU = Release|Any CPU
	EndGlobalSection
	GlobalSection(ProjectConfigurationPlatforms) = postSolution
		{9F7DC74F-CAB3-4739-849C-6D27605D43C4}.Debug|Any CPU.ActiveCfg = Debug|Any CPU
		{9F7DC74F-CAB3-4739-849C-6D27605D43C4}.Debug|Any CPU.Build.0 = Debug|Any CPU
		{9F7DC74F-CAB3-4739-849C-6D27605D43C4}.Release|Any CPU.ActiveCfg = Release|Any CPU
		{9F7DC74F-CAB3-4739-849C-6D27605D43C4}.Release|Any CPU.Build.0 = Release|Any CPU
		{6596FE75-D13C-490A-8D21-42064FE532FA}.Debug|Any CPU.ActiveCfg = Debug|Any CPU
		{6596FE75-D13C-490A-8D21-42064FE532FA}.Debug|Any CPU.Build.0 = Debug|Any CPU
		{6596FE75-D13C-490A-8D21-42064FE532FA}.Release|Any CPU.ActiveCfg = Release|Any CPU
		{6596FE75-D13C-490A-8D21-42064FE532FA}.Release|Any CPU.Build.0 = Release|Any CPU
		{C0AF6DD7-1CCD-4805-AC53-4D9BDF067566}.Debug|Any CPU.ActiveCfg = Debug|Any CPU
		{C0AF6DD7-1CCD-4805-AC53-4D9BDF067566}.Debug|Any CPU.Build.0 = Debug|Any CPU
		{C0AF6DD7-1CCD-4805-AC53-4D9BDF067566}.Release|Any CPU.ActiveCfg = Release|Any CPU
		{C0AF6DD7-1CCD-4805-AC53-4D9BDF067566}.Release|Any CPU.Build.0 = Release|Any CPU
	EndGlobalSection
	GlobalSection(SolutionProperties) = preSolution
		HideSolutionNode = FALSE
	EndGlobalSection
	GlobalSection(ExtensibilityGlobals) = postSolution
		SolutionGuid = {E929F0B1-71D1-45C3-AF6A-45E6692EC52E}
	EndGlobalSection
EndGlobal
